
Microsoft Visual Studio Solution File, Format Version 11.00
# Visual Studio 2010
Project("{FAE04EC0-301F-11D3-BF4B-00C04F79EFBC}") = "reflection1", "reflection1\reflection1.csproj", "{B7A10C6D-9CBC-495D-8755-19C292DBFB7F}"
EndProject
Global
	GlobalSection(SolutionConfigurationPlatforms) = preSolution
		Debug|x86 = Debug|x86
		Release|x86 = Release|x86
	EndGlobalSection
	GlobalSection(ProjectConfigurationPlatforms) = postSolution
		{B7A10C6D-9CBC-495D-8755-19C292DBFB7F}.Debug|x86.ActiveCfg = Debug|x86
		{B7A10C6D-9CBC-495D-8755-19C292DBFB7F}.Debug|x86.Build.0 = Debug|x86
		{B7A10C6D-9CBC-495D-8755-19C292DBFB7F}.Release|x86.ActiveCfg = Release|x86
		{B7A10C6D-9CBC-495D-8755-19C292DBFB7F}.Release|x86.Build.0 = Release|x86
	EndGlobalSection
	GlobalSection(SolutionProperties) = preSolution
		HideSolutionNode = FALSE
	EndGlobalSection
EndGlobal
