
Microsoft Visual Studio Solution File, Format Version 11.00
# Visual Studio 2010
Project("{FAE04EC0-301F-11D3-BF4B-00C04F79EFBC}") = "ReflectDLL", "ReflectDLL\ReflectDLL.csproj", "{D2C962FA-2073-4BBC-BD3E-FFA683FDE64F}"
EndProject
Project("{FAE04EC0-301F-11D3-BF4B-00C04F79EFBC}") = "reflection1", "..\reflection1\reflection1\reflection1.csproj", "{B7A10C6D-9CBC-495D-8755-19C292DBFB7F}"
EndProject
Global
	GlobalSection(SolutionConfigurationPlatforms) = preSolution
		Debug|Any CPU = Debug|Any CPU
		Debug|Mixed Platforms = Debug|Mixed Platforms
		Debug|x86 = Debug|x86
		Release|Any CPU = Release|Any CPU
		Release|Mixed Platforms = Release|Mixed Platforms
		Release|x86 = Release|x86
	EndGlobalSection
	GlobalSection(ProjectConfigurationPlatforms) = postSolution
		{D2C962FA-2073-4BBC-BD3E-FFA683FDE64F}.Debug|Any CPU.ActiveCfg = Debug|Any CPU
		{D2C962FA-2073-4BBC-BD3E-FFA683FDE64F}.Debug|Any CPU.Build.0 = Debug|Any CPU
		{D2C962FA-2073-4BBC-BD3E-FFA683FDE64F}.Debug|Mixed Platforms.ActiveCfg = Debug|Any CPU
		{D2C962FA-2073-4BBC-BD3E-FFA683FDE64F}.Debug|Mixed Platforms.Build.0 = Debug|Any CPU
		{D2C962FA-2073-4BBC-BD3E-FFA683FDE64F}.Debug|x86.ActiveCfg = Debug|Any CPU
		{D2C962FA-2073-4BBC-BD3E-FFA683FDE64F}.Release|Any CPU.ActiveCfg = Release|Any CPU
		{D2C962FA-2073-4BBC-BD3E-FFA683FDE64F}.Release|Any CPU.Build.0 = Release|Any CPU
		{D2C962FA-2073-4BBC-BD3E-FFA683FDE64F}.Release|Mixed Platforms.ActiveCfg = Release|Any CPU
		{D2C962FA-2073-4BBC-BD3E-FFA683FDE64F}.Release|Mixed Platforms.Build.0 = Release|Any CPU
		{D2C962FA-2073-4BBC-BD3E-FFA683FDE64F}.Release|x86.ActiveCfg = Release|Any CPU
		{B7A10C6D-9CBC-495D-8755-19C292DBFB7F}.Debug|Any CPU.ActiveCfg = Debug|x86
		{B7A10C6D-9CBC-495D-8755-19C292DBFB7F}.Debug|Mixed Platforms.ActiveCfg = Debug|x86
		{B7A10C6D-9CBC-495D-8755-19C292DBFB7F}.Debug|Mixed Platforms.Build.0 = Debug|x86
		{B7A10C6D-9CBC-495D-8755-19C292DBFB7F}.Debug|x86.ActiveCfg = Debug|x86
		{B7A10C6D-9CBC-495D-8755-19C292DBFB7F}.Debug|x86.Build.0 = Debug|x86
		{B7A10C6D-9CBC-495D-8755-19C292DBFB7F}.Release|Any CPU.ActiveCfg = Release|x86
		{B7A10C6D-9CBC-495D-8755-19C292DBFB7F}.Release|Mixed Platforms.ActiveCfg = Release|x86
		{B7A10C6D-9CBC-495D-8755-19C292DBFB7F}.Release|Mixed Platforms.Build.0 = Release|x86
		{B7A10C6D-9CBC-495D-8755-19C292DBFB7F}.Release|x86.ActiveCfg = Release|x86
		{B7A10C6D-9CBC-495D-8755-19C292DBFB7F}.Release|x86.Build.0 = Release|x86
	EndGlobalSection
	GlobalSection(SolutionProperties) = preSolution
		HideSolutionNode = FALSE
	EndGlobalSection
EndGlobal
