
Microsoft Visual Studio Solution File, Format Version 11.00
# Visual Studio 2010
Project("{8BC9CEB8-8B4A-11D0-8D11-00A0C91BC942}") = "LDK_Linux_Activation", "LDK_Linux_Activation\LDK_Linux_Activation.vcxproj", "{0802E7C6-D503-46C1-9DA6-9CE5195D0E22}"
EndProject
Global
	GlobalSection(SolutionConfigurationPlatforms) = preSolution
		Debug|Win32 = Debug|Win32
		Release|Win32 = Release|Win32
	EndGlobalSection
	GlobalSection(ProjectConfigurationPlatforms) = postSolution
		{0802E7C6-D503-46C1-9DA6-9CE5195D0E22}.Debug|Win32.ActiveCfg = Debug|Win32
		{0802E7C6-D503-46C1-9DA6-9CE5195D0E22}.Debug|Win32.Build.0 = Debug|Win32
		{0802E7C6-D503-46C1-9DA6-9CE5195D0E22}.Release|Win32.ActiveCfg = Release|Win32
		{0802E7C6-D503-46C1-9DA6-9CE5195D0E22}.Release|Win32.Build.0 = Release|Win32
	EndGlobalSection
	GlobalSection(SolutionProperties) = preSolution
		HideSolutionNode = FALSE
	EndGlobalSection
EndGlobal
